// !$*UTF8*$!
{
	archiveVersion = 1;
	classes = {
	};
	objectVersion = 77;
	objects = {

/* Begin PBXContainerItemProxy section */
		4F0C06662CB3B0B7005AEDB9 /* PBXContainerItemProxy */ = {
			isa = PBXContainerItemProxy;
			containerPortal = 4F0C064D2CB3B0B6005AEDB9 /* Project object */;
			proxyType = 1;
			remoteGlobalIDString = 4F0C06542CB3B0B6005AEDB9;
			remoteInfo = CampusMaps;
		};
		4F0C06702CB3B0B7005AEDB9 /* PBXContainerItemProxy */ = {
			isa = PBXContainerItemProxy;
			containerPortal = 4F0C064D2CB3B0B6005AEDB9 /* Project object */;
			proxyType = 1;
			remoteGlobalIDString = 4F0C06542CB3B0B6005AEDB9;
			remoteInfo = CampusMaps;
		};
/* End PBXContainerItemProxy section */

/* Begin PBXFileReference section */
		4F0C06552CB3B0B6005AEDB9 /* CampusMaps.app */ = {isa = PBXFileReference; explicitFileType = wrapper.application; includeInIndex = 0; path = CampusMaps.app; sourceTree = BUILT_PRODUCTS_DIR; };
		4F0C06652CB3B0B7005AEDB9 /* CampusMapsTests.xctest */ = {isa = PBXFileReference; explicitFileType = wrapper.cfbundle; includeInIndex = 0; path = CampusMapsTests.xctest; sourceTree = BUILT_PRODUCTS_DIR; };
		4F0C066F2CB3B0B7005AEDB9 /* CampusMapsUITests.xctest */ = {isa = PBXFileReference; explicitFileType = wrapper.cfbundle; includeInIndex = 0; path = CampusMapsUITests.xctest; sourceTree = BUILT_PRODUCTS_DIR; };
/* End PBXFileReference section */

/* Begin PBXFileSystemSynchronizedRootGroup section */
		4F0C06572CB3B0B6005AEDB9 /* CampusMaps */ = {
			isa = PBXFileSystemSynchronizedRootGroup;
			path = CampusMaps;
			sourceTree = "<group>";
		};
		4F0C06682CB3B0B7005AEDB9 /* CampusMapsTests */ = {
			isa = PBXFileSystemSynchronizedRootGroup;
			path = CampusMapsTests;
			sourceTree = "<group>";
		};
		4F0C06722CB3B0B7005AEDB9 /* CampusMapsUITests */ = {
			isa = PBXFileSystemSynchronizedRootGroup;
			path = CampusMapsUITests;
			sourceTree = "<group>";
		};
/* End PBXFileSystemSynchronizedRootGroup section */

/* Begin PBXFrameworksBuildPhase section */
		4F0C06522CB3B0B6005AEDB9 /* Frameworks */ = {
			isa = PBXFrameworksBuildPhase;
			buildActionMask = 2147483647;
			files = (
			);
			runOnlyForDeploymentPostprocessing = 0;
		};
		4F0C06622CB3B0B7005AEDB9 /* Frameworks */ = {
			isa = PBXFrameworksBuildPhase;
			buildActionMask = 2147483647;
			files = (
			);
			runOnlyForDeploymentPostprocessing = 0;
		};
		4F0C066C2CB3B0B7005AEDB9 /* Frameworks */ = {
			isa = PBXFrameworksBuildPhase;
			buildActionMask = 2147483647;
			files = (
			);
			runOnlyForDeploymentPostprocessing = 0;
		};
/* End PBXFrameworksBuildPhase section */

/* Begin PBXGroup section */
		4F0C064C2CB3B0B6005AEDB9 = {
			isa = PBXGroup;
			children = (
				4F0C06572CB3B0B6005AEDB9 /* CampusMaps */,
				4F0C06682CB3B0B7005AEDB9 /* CampusMapsTests */,
				4F0C06722CB3B0B7005AEDB9 /* CampusMapsUITests */,
				4F0C06562CB3B0B6005AEDB9 /* Products */,
			);
			sourceTree = "<group>";
		};
		4F0C06562CB3B0B6005AEDB9 /* Products */ = {
			isa = PBXGroup;
			children = (
				4F0C06552CB3B0B6005AEDB9 /* CampusMaps.app */,
				4F0C06652CB3B0B7005AEDB9 /* CampusMapsTests.xctest */,
				4F0C066F2CB3B0B7005AEDB9 /* CampusMapsUITests.xctest */,
			);
			name = Products;
			sourceTree = "<group>";
		};
/* End PBXGroup section */

/* Begin PBXNativeTarget section */
		4F0C06542CB3B0B6005AEDB9 /* CampusMaps */ = {
			isa = PBXNativeTarget;
			buildConfigurationList = 4F0C06792CB3B0B7005AEDB9 /* Build configuration list for PBXNativeTarget "CampusMaps" */;
			buildPhases = (
				4F0C06512CB3B0B6005AEDB9 /* Sources */,
				4F0C06522CB3B0B6005AEDB9 /* Frameworks */,
				4F0C06532CB3B0B6005AEDB9 /* Resources */,
			);
			buildRules = (
			);
			dependencies = (
			);
			fileSystemSynchronizedGroups = (
				4F0C06572CB3B0B6005AEDB9 /* CampusMaps */,
			);
			name = CampusMaps;
			packageProductDependencies = (
			);
			productName = CampusMaps;
			productReference = 4F0C06552CB3B0B6005AEDB9 /* CampusMaps.app */;
			productType = "com.apple.product-type.application";
		};
		4F0C06642CB3B0B7005AEDB9 /* CampusMapsTests */ = {
			isa = PBXNativeTarget;
			buildConfigurationList = 4F0C067C2CB3B0B7005AEDB9 /* Build configuration list for PBXNativeTarget "CampusMapsTests" */;
			buildPhases = (
				4F0C06612CB3B0B7005AEDB9 /* Sources */,
				4F0C06622CB3B0B7005AEDB9 /* Frameworks */,
				4F0C06632CB3B0B7005AEDB9 /* Resources */,
			);
			buildRules = (
			);
			dependencies = (
				4F0C06672CB3B0B7005AEDB9 /* PBXTargetDependency */,
			);
			fileSystemSynchronizedGroups = (
				4F0C06682CB3B0B7005AEDB9 /* CampusMapsTests */,
			);
			name = CampusMapsTests;
			packageProductDependencies = (
			);
			productName = CampusMapsTests;
			productReference = 4F0C06652CB3B0B7005AEDB9 /* CampusMapsTests.xctest */;
			productType = "com.apple.product-type.bundle.unit-test";
		};
		4F0C066E2CB3B0B7005AEDB9 /* CampusMapsUITests */ = {
			isa = PBXNativeTarget;
			buildConfigurationList = 4F0C067F2CB3B0B7005AEDB9 /* Build configuration list for PBXNativeTarget "CampusMapsUITests" */;
			buildPhases = (
				4F0C066B2CB3B0B7005AEDB9 /* Sources */,
				4F0C066C2CB3B0B7005AEDB9 /* Frameworks */,
				4F0C066D2CB3B0B7005AEDB9 /* Resources */,
			);
			buildRules = (
			);
			dependencies = (
				4F0C06712CB3B0B7005AEDB9 /* PBXTargetDependency */,
			);
			fileSystemSynchronizedGroups = (
				4F0C06722CB3B0B7005AEDB9 /* CampusMapsUITests */,
			);
			name = CampusMapsUITests;
			packageProductDependencies = (
			);
			productName = CampusMapsUITests;
			productReference = 4F0C066F2CB3B0B7005AEDB9 /* CampusMapsUITests.xctest */;
			productType = "com.apple.product-type.bundle.ui-testing";
		};
/* End PBXNativeTarget section */

/* Begin PBXProject section */
		4F0C064D2CB3B0B6005AEDB9 /* Project object */ = {
			isa = PBXProject;
			attributes = {
				BuildIndependentTargetsInParallel = 1;
				LastSwiftUpdateCheck = 1600;
				LastUpgradeCheck = 1600;
				TargetAttributes = {
					4F0C06542CB3B0B6005AEDB9 = {
						CreatedOnToolsVersion = 16.0;
					};
					4F0C06642CB3B0B7005AEDB9 = {
						CreatedOnToolsVersion = 16.0;
						TestTargetID = 4F0C06542CB3B0B6005AEDB9;
					};
					4F0C066E2CB3B0B7005AEDB9 = {
						CreatedOnToolsVersion = 16.0;
						TestTargetID = 4F0C06542CB3B0B6005AEDB9;
					};
				};
			};
			buildConfigurationList = 4F0C06502CB3B0B6005AEDB9 /* Build configuration list for PBXProject "CampusMaps" */;
			developmentRegion = en;
			hasScannedForEncodings = 0;
			knownRegions = (
				en,
				Base,
			);
			mainGroup = 4F0C064C2CB3B0B6005AEDB9;
			minimizedProjectReferenceProxies = 1;
			preferredProjectObjectVersion = 77;
			productRefGroup = 4F0C06562CB3B0B6005AEDB9 /* Products */;
			projectDirPath = "";
			projectRoot = "";
			targets = (
				4F0C06542CB3B0B6005AEDB9 /* CampusMaps */,
				4F0C06642CB3B0B7005AEDB9 /* CampusMapsTests */,
				4F0C066E2CB3B0B7005AEDB9 /* CampusMapsUITests */,
			);
		};
/* End PBXProject section */

/* Begin PBXResourcesBuildPhase section */
		4F0C06532CB3B0B6005AEDB9 /* Resources */ = {
			isa = PBXResourcesBuildPhase;
			buildActionMask = 2147483647;
			files = (
			);
			runOnlyForDeploymentPostprocessing = 0;
		};
		4F0C06632CB3B0B7005AEDB9 /* Resources */ = {
			isa = PBXResourcesBuildPhase;
			buildActionMask = 2147483647;
			files = (
			);
			runOnlyForDeploymentPostprocessing = 0;
		};
		4F0C066D2CB3B0B7005AEDB9 /* Resources */ = {
			isa = PBXResourcesBuildPhase;
			buildActionMask = 2147483647;
			files = (
			);
			runOnlyForDeploymentPostprocessing = 0;
		};
/* End PBXResourcesBuildPhase section */

/* Begin PBXSourcesBuildPhase section */
		4F0C06512CB3B0B6005AEDB9 /* Sources */ = {
			isa = PBXSourcesBuildPhase;
			buildActionMask = 2147483647;
			files = (
			);
			runOnlyForDeploymentPostprocessing = 0;
		};
		4F0C06612CB3B0B7005AEDB9 /* Sources */ = {
			isa = PBXSourcesBuildPhase;
			buildActionMask = 2147483647;
			files = (
			);
			runOnlyForDeploymentPostprocessing = 0;
		};
		4F0C066B2CB3B0B7005AEDB9 /* Sources */ = {
			isa = PBXSourcesBuildPhase;
			buildActionMask = 2147483647;
			files = (
			);
			runOnlyForDeploymentPostprocessing = 0;
		};
/* End PBXSourcesBuildPhase section */

/* Begin PBXTargetDependency section */
		4F0C06672CB3B0B7005AEDB9 /* PBXTargetDependency */ = {
			isa = PBXTargetDependency;
			target = 4F0C06542CB3B0B6005AEDB9 /* CampusMaps */;
			targetProxy = 4F0C06662CB3B0B7005AEDB9 /* PBXContainerItemProxy */;
		};
		4F0C06712CB3B0B7005AEDB9 /* PBXTargetDependency */ = {
			isa = PBXTargetDependency;
			target = 4F0C06542CB3B0B6005AEDB9 /* CampusMaps */;
			targetProxy = 4F0C06702CB3B0B7005AEDB9 /* PBXContainerItemProxy */;
		};
/* End PBXTargetDependency section */

/* Begin XCBuildConfiguration section */
		4F0C06772CB3B0B7005AEDB9 /* Debug */ = {
			isa = XCBuildConfiguration;
			buildSettings = {
				ALWAYS_SEARCH_USER_PATHS = NO;
				ASSETCATALOG_COMPILER_GENERATE_SWIFT_ASSET_SYMBOL_EXTENSIONS = YES;
				CLANG_ANALYZER_NONNULL = YES;
				CLANG_ANALYZER_NUMBER_OBJECT_CONVERSION = YES_AGGRESSIVE;
				CLANG_CXX_LANGUAGE_STANDARD = "gnu++20";
				CLANG_ENABLE_MODULES = YES;
				CLANG_ENABLE_OBJC_ARC = YES;
				CLANG_ENABLE_OBJC_WEAK = YES;
				CLANG_WARN_BLOCK_CAPTURE_AUTORELEASING = YES;
				CLANG_WARN_BOOL_CONVERSION = YES;
				CLANG_WARN_COMMA = YES;
				CLANG_WARN_CONSTANT_CONVERSION = YES;
				CLANG_WARN_DEPRECATED_OBJC_IMPLEMENTATIONS = YES;
				CLANG_WARN_DIRECT_OBJC_ISA_USAGE = YES_ERROR;
				CLANG_WARN_DOCUMENTATION_COMMENTS = YES;
				CLANG_WARN_EMPTY_BODY = YES;
				CLANG_WARN_ENUM_CONVERSION = YES;
				CLANG_WARN_INFINITE_RECURSION = YES;
				CLANG_WARN_INT_CONVERSION = YES;
				CLANG_WARN_NON_LITERAL_NULL_CONVERSION = YES;
				CLANG_WARN_OBJC_IMPLICIT_RETAIN_SELF = YES;
				CLANG_WARN_OBJC_LITERAL_CONVERSION = YES;
				CLANG_WARN_OBJC_ROOT_CLASS = YES_ERROR;
				CLANG_WARN_QUOTED_INCLUDE_IN_FRAMEWORK_HEADER = YES;
				CLANG_WARN_RANGE_LOOP_ANALYSIS = YES;
				CLANG_WARN_STRICT_PROTOTYPES = YES;
				CLANG_WARN_SUSPICIOUS_MOVE = YES;
				CLANG_WARN_UNGUARDED_AVAILABILITY = YES_AGGRESSIVE;
				CLANG_WARN_UNREACHABLE_CODE = YES;
				CLANG_WARN__DUPLICATE_METHOD_MATCH = YES;
				COPY_PHASE_STRIP = NO;
				DEBUG_INFORMATION_FORMAT = dwarf;
				ENABLE_STRICT_OBJC_MSGSEND = YES;
				ENABLE_TESTABILITY = YES;
				ENABLE_USER_SCRIPT_SANDBOXING = YES;
				GCC_C_LANGUAGE_STANDARD = gnu17;
				GCC_DYNAMIC_NO_PIC = NO;
				GCC_NO_COMMON_BLOCKS = YES;
				GCC_OPTIMIZATION_LEVEL = 0;
				GCC_PREPROCESSOR_DEFINITIONS = (
					"DEBUG=1",
					"$(inherited)",
				);
				GCC_WARN_64_TO_32_BIT_CONVERSION = YES;
				GCC_WARN_ABOUT_RETURN_TYPE = YES_ERROR;
				GCC_WARN_UNDECLARED_SELECTOR = YES;
				GCC_WARN_UNINITIALIZED_AUTOS = YES_AGGRESSIVE;
				GCC_WARN_UNUSED_FUNCTION = YES;
				GCC_WARN_UNUSED_VARIABLE = YES;
				IPHONEOS_DEPLOYMENT_TARGET = 18.0;
				LOCALIZATION_PREFERS_STRING_CATALOGS = YES;
				MTL_ENABLE_DEBUG_INFO = INCLUDE_SOURCE;
				MTL_FAST_MATH = YES;
				ONLY_ACTIVE_ARCH = YES;
				SDKROOT = iphoneos;
				SWIFT_ACTIVE_COMPILATION_CONDITIONS = "DEBUG $(inherited)";
				SWIFT_OPTIMIZATION_LEVEL = "-Onone";
			};
			name = Debug;
		};
		4F0C06782CB3B0B7005AEDB9 /* Release */ = {
			isa = XCBuildConfiguration;
			buildSettings = {
				ALWAYS_SEARCH_USER_PATHS = NO;
				ASSETCATALOG_COMPILER_GENERATE_SWIFT_ASSET_SYMBOL_EXTENSIONS = YES;
				CLANG_ANALYZER_NONNULL = YES;
				CLANG_ANALYZER_NUMBER_OBJECT_CONVERSION = YES_AGGRESSIVE;
				CLANG_CXX_LANGUAGE_STANDARD = "gnu++20";
				CLANG_ENABLE_MODULES = YES;
				CLANG_ENABLE_OBJC_ARC = YES;
				CLANG_ENABLE_OBJC_WEAK = YES;
				CLANG_WARN_BLOCK_CAPTURE_AUTORELEASING = YES;
				CLANG_WARN_BOOL_CONVERSION = YES;
				CLANG_WARN_COMMA = YES;
				CLANG_WARN_CONSTANT_CONVERSION = YES;
				CLANG_WARN_DEPRECATED_OBJC_IMPLEMENTATIONS = YES;
				CLANG_WARN_DIRECT_OBJC_ISA_USAGE = YES_ERROR;
				CLANG_WARN_DOCUMENTATION_COMMENTS = YES;
				CLANG_WARN_EMPTY_BODY = YES;
				CLANG_WARN_ENUM_CONVERSION = YES;
				CLANG_WARN_INFINITE_RECURSION = YES;
				CLANG_WARN_INT_CONVERSION = YES;
				CLANG_WARN_NON_LITERAL_NULL_CONVERSION = YES;
				CLANG_WARN_OBJC_IMPLICIT_RETAIN_SELF = YES;
				CLANG_WARN_OBJC_LITERAL_CONVERSION = YES;
				CLANG_WARN_OBJC_ROOT_CLASS = YES_ERROR;
				CLANG_WARN_QUOTED_INCLUDE_IN_FRAMEWORK_HEADER = YES;
				CLANG_WARN_RANGE_LOOP_ANALYSIS = YES;
				CLANG_WARN_STRICT_PROTOTYPES = YES;
				CLANG_WARN_SUSPICIOUS_MOVE = YES;
				CLANG_WARN_UNGUARDED_AVAILABILITY = YES_AGGRESSIVE;
				CLANG_WARN_UNREACHABLE_CODE = YES;
				CLANG_WARN__DUPLICATE_METHOD_MATCH = YES;
				COPY_PHASE_STRIP = NO;
				DEBUG_INFORMATION_FORMAT = "dwarf-with-dsym";
				ENABLE_NS_ASSERTIONS = NO;
				ENABLE_STRICT_OBJC_MSGSEND = YES;
				ENABLE_USER_SCRIPT_SANDBOXING = YES;
				GCC_C_LANGUAGE_STANDARD = gnu17;
				GCC_NO_COMMON_BLOCKS = YES;
				GCC_WARN_64_TO_32_BIT_CONVERSION = YES;
				GCC_WARN_ABOUT_RETURN_TYPE = YES_ERROR;
				GCC_WARN_UNDECLARED_SELECTOR = YES;
				GCC_WARN_UNINITIALIZED_AUTOS = YES_AGGRESSIVE;
				GCC_WARN_UNUSED_FUNCTION = YES;
				GCC_WARN_UNUSED_VARIABLE = YES;
				IPHONEOS_DEPLOYMENT_TARGET = 18.0;
				LOCALIZATION_PREFERS_STRING_CATALOGS = YES;
				MTL_ENABLE_DEBUG_INFO = NO;
				MTL_FAST_MATH = YES;
				SDKROOT = iphoneos;
				SWIFT_COMPILATION_MODE = wholemodule;
				VALIDATE_PRODUCT = YES;
			};
			name = Release;
		};
		4F0C067A2CB3B0B7005AEDB9 /* Debug */ = {
			isa = XCBuildConfiguration;
			buildSettings = {
				ASSETCATALOG_COMPILER_APPICON_NAME = AppIcon;
				ASSETCATALOG_COMPILER_GLOBAL_ACCENT_COLOR_NAME = AccentColor;
				CODE_SIGN_STYLE = Automatic;
				CURRENT_PROJECT_VERSION = 1;
				DEVELOPMENT_ASSET_PATHS = "\"CampusMaps/Preview Content\"";
				DEVELOPMENT_TEAM = 73VSS2QBJG;
				ENABLE_PREVIEWS = YES;
				GENERATE_INFOPLIST_FILE = YES;
				INFOPLIST_KEY_NSLocationAlwaysUsageDescription = "We need your location to show buildings even when you are not using the app.";
				INFOPLIST_KEY_NSLocationWhenInUseUsageDescription = "We need your location to display it on the map.";
				INFOPLIST_KEY_UIApplicationSceneManifest_Generation = YES;
				INFOPLIST_KEY_UIApplicationSupportsIndirectInputEvents = YES;
				INFOPLIST_KEY_UILaunchScreen_Generation = YES;
				INFOPLIST_KEY_UISupportedInterfaceOrientations_iPad = "UIInterfaceOrientationPortrait UIInterfaceOrientationPortraitUpsideDown UIInterfaceOrientationLandscapeLeft UIInterfaceOrientationLandscapeRight";
				INFOPLIST_KEY_UISupportedInterfaceOrientations_iPhone = "UIInterfaceOrientationPortrait UIInterfaceOrientationLandscapeLeft UIInterfaceOrientationLandscapeRight";
				LD_RUNPATH_SEARCH_PATHS = (
					"$(inherited)",
					"@executable_path/Frameworks",
				);
				MARKETING_VERSION = 1.0;
				PRODUCT_BUNDLE_IDENTIFIER = edu.psu.tfp5304.CampusMaps;
				PRODUCT_NAME = "$(TARGET_NAME)";
				SWIFT_EMIT_LOC_STRINGS = YES;
				SWIFT_VERSION = 5.0;
				TARGETED_DEVICE_FAMILY = "1,2";
			};
			name = Debug;
		};
		4F0C067B2CB3B0B7005AEDB9 /* Release */ = {
			isa = XCBuildConfiguration;
			buildSettings = {
				ASSETCATALOG_COMPILER_APPICON_NAME = AppIcon;
				ASSETCATALOG_COMPILER_GLOBAL_ACCENT_COLOR_NAME = AccentColor;
				CODE_SIGN_STYLE = Automatic;
				CURRENT_PROJECT_VERSION = 1;
				DEVELOPMENT_ASSET_PATHS = "\"CampusMaps/Preview Content\"";
				DEVELOPMENT_TEAM = 73VSS2QBJG;
				ENABLE_PREVIEWS = YES;
				GENERATE_INFOPLIST_FILE = YES;
				INFOPLIST_KEY_NSLocationAlwaysUsageDescription = "We need your location to show buildings even when you are not using the app.";
				INFOPLIST_KEY_NSLocationWhenInUseUsageDescription = "We need your location to display it on the map.";
				INFOPLIST_KEY_UIApplicationSceneManifest_Generation = YES;
				INFOPLIST_KEY_UIApplicationSupportsIndirectInputEvents = YES;
				INFOPLIST_KEY_UILaunchScreen_Generation = YES;
				INFOPLIST_KEY_UISupportedInterfaceOrientations_iPad = "UIInterfaceOrientationPortrait UIInterfaceOrientationPortraitUpsideDown UIInterfaceOrientationLandscapeLeft UIInterfaceOrientationLandscapeRight";
				INFOPLIST_KEY_UISupportedInterfaceOrientations_iPhone = "UIInterfaceOrientationPortrait UIInterfaceOrientationLandscapeLeft UIInterfaceOrientationLandscapeRight";
				LD_RUNPATH_SEARCH_PATHS = (
					"$(inherited)",
					"@executable_path/Frameworks",
				);
				MARKETING_VERSION = 1.0;
				PRODUCT_BUNDLE_IDENTIFIER = edu.psu.tfp5304.CampusMaps;
				PRODUCT_NAME = "$(TARGET_NAME)";
				SWIFT_EMIT_LOC_STRINGS = YES;
				SWIFT_VERSION = 5.0;
				TARGETED_DEVICE_FAMILY = "1,2";
			};
			name = Release;
		};
		4F0C067D2CB3B0B7005AEDB9 /* Debug */ = {
			isa = XCBuildConfiguration;
			buildSettings = {
				BUNDLE_LOADER = "$(TEST_HOST)";
				CODE_SIGN_STYLE = Automatic;
				CURRENT_PROJECT_VERSION = 1;
				DEVELOPMENT_TEAM = 73VSS2QBJG;
				GENERATE_INFOPLIST_FILE = YES;
				IPHONEOS_DEPLOYMENT_TARGET = 18.0;
				MARKETING_VERSION = 1.0;
				PRODUCT_BUNDLE_IDENTIFIER = edu.psu.tfp5304.CampusMapsTests;
				PRODUCT_NAME = "$(TARGET_NAME)";
				SWIFT_EMIT_LOC_STRINGS = NO;
				SWIFT_VERSION = 5.0;
				TARGETED_DEVICE_FAMILY = "1,2";
				TEST_HOST = "$(BUILT_PRODUCTS_DIR)/CampusMaps.app/$(BUNDLE_EXECUTABLE_FOLDER_PATH)/CampusMaps";
			};
			name = Debug;
		};
		4F0C067E2CB3B0B7005AEDB9 /* Release */ = {
			isa = XCBuildConfiguration;
			buildSettings = {
				BUNDLE_LOADER = "$(TEST_HOST)";
				CODE_SIGN_STYLE = Automatic;
				CURRENT_PROJECT_VERSION = 1;
				DEVELOPMENT_TEAM = 73VSS2QBJG;
				GENERATE_INFOPLIST_FILE = YES;
				IPHONEOS_DEPLOYMENT_TARGET = 18.0;
				MARKETING_VERSION = 1.0;
				PRODUCT_BUNDLE_IDENTIFIER = edu.psu.tfp5304.CampusMapsTests;
				PRODUCT_NAME = "$(TARGET_NAME)";
				SWIFT_EMIT_LOC_STRINGS = NO;
				SWIFT_VERSION = 5.0;
				TARGETED_DEVICE_FAMILY = "1,2";
				TEST_HOST = "$(BUILT_PRODUCTS_DIR)/CampusMaps.app/$(BUNDLE_EXECUTABLE_FOLDER_PATH)/CampusMaps";
			};
			name = Release;
		};
		4F0C06802CB3B0B7005AEDB9 /* Debug */ = {
			isa = XCBuildConfiguration;
			buildSettings = {
				CODE_SIGN_STYLE = Automatic;
				CURRENT_PROJECT_VERSION = 1;
				DEVELOPMENT_TEAM = 73VSS2QBJG;
				GENERATE_INFOPLIST_FILE = YES;
				MARKETING_VERSION = 1.0;
				PRODUCT_BUNDLE_IDENTIFIER = edu.psu.tfp5304.CampusMapsUITests;
				PRODUCT_NAME = "$(TARGET_NAME)";
				SWIFT_EMIT_LOC_STRINGS = NO;
				SWIFT_VERSION = 5.0;
				TARGETED_DEVICE_FAMILY = "1,2";
				TEST_TARGET_NAME = CampusMaps;
			};
			name = Debug;
		};
		4F0C06812CB3B0B7005AEDB9 /* Release */ = {
			isa = XCBuildConfiguration;
			buildSettings = {
				CODE_SIGN_STYLE = Automatic;
				CURRENT_PROJECT_VERSION = 1;
				DEVELOPMENT_TEAM = 73VSS2QBJG;
				GENERATE_INFOPLIST_FILE = YES;
				MARKETING_VERSION = 1.0;
				PRODUCT_BUNDLE_IDENTIFIER = edu.psu.tfp5304.CampusMapsUITests;
				PRODUCT_NAME = "$(TARGET_NAME)";
				SWIFT_EMIT_LOC_STRINGS = NO;
				SWIFT_VERSION = 5.0;
				TARGETED_DEVICE_FAMILY = "1,2";
				TEST_TARGET_NAME = CampusMaps;
			};
			name = Release;
		};
/* End XCBuildConfiguration section */

/* Begin XCConfigurationList section */
		4F0C06502CB3B0B6005AEDB9 /* Build configuration list for PBXProject "CampusMaps" */ = {
			isa = XCConfigurationList;
			buildConfigurations = (
				4F0C06772CB3B0B7005AEDB9 /* Debug */,
				4F0C06782CB3B0B7005AEDB9 /* Release */,
			);
			defaultConfigurationIsVisible = 0;
			defaultConfigurationName = Release;
		};
		4F0C06792CB3B0B7005AEDB9 /* Build configuration list for PBXNativeTarget "CampusMaps" */ = {
			isa = XCConfigurationList;
			buildConfigurations = (
				4F0C067A2CB3B0B7005AEDB9 /* Debug */,
				4F0C067B2CB3B0B7005AEDB9 /* Release */,
			);
			defaultConfigurationIsVisible = 0;
			defaultConfigurationName = Release;
		};
		4F0C067C2CB3B0B7005AEDB9 /* Build configuration list for PBXNativeTarget "CampusMapsTests" */ = {
			isa = XCConfigurationList;
			buildConfigurations = (
				4F0C067D2CB3B0B7005AEDB9 /* Debug */,
				4F0C067E2CB3B0B7005AEDB9 /* Release */,
			);
			defaultConfigurationIsVisible = 0;
			defaultConfigurationName = Release;
		};
		4F0C067F2CB3B0B7005AEDB9 /* Build configuration list for PBXNativeTarget "CampusMapsUITests" */ = {
			isa = XCConfigurationList;
			buildConfigurations = (
				4F0C06802CB3B0B7005AEDB9 /* Debug */,
				4F0C06812CB3B0B7005AEDB9 /* Release */,
			);
			defaultConfigurationIsVisible = 0;
			defaultConfigurationName = Release;
		};
/* End XCConfigurationList section */
	};
	rootObject = 4F0C064D2CB3B0B6005AEDB9 /* Project object */;
}
